Microsoft Visual Studio Solution File, Format Version 12.00
# Visual Studio Version 16
VisualStudioVersion = 16.0.31702.278
MinimumVisualStudioVersion = 10.0.40219.1
Project("{9A19103F-16F7-4668-BE54-9A1E7A4F7556}") = "PDSCFramework", "PDSCFramework\PDSCFramework.csproj", "{FDD4DC76-DB05-4FB2-84C9-1A0FDAEAE30A}"
EndProject
Project("{9A19103F-16F7-4668-BE54-9A1E7A4F7556}") = "PDSC.Common", "PDSC.Common\PDSC.Common.csproj", "{C916004D-90C9-4715-A24D-3FBF51BE871E}"
EndProject
Project("{9A19103F-16F7-4668-BE54-9A1E7A4F7556}") = "PDSCFramework.Common", "PDSCFramework.Common\PDSCFramework.Common.csproj", "{15118E9E-6233-4B8E-B82D-1C09D2C3A602}"
EndProject
Project("{9A19103F-16F7-4668-BE54-9A1E7A4F7556}") = "PDSCFramework.DataLayer", "PDSCFramework.DataLayer\PDSCFramework.DataLayer.csproj", "{22DC452E-2AD0-49AF-A699-D6DAFCDD3878}"
EndProject
Project("{9A19103F-16F7-4668-BE54-9A1E7A4F7556}") = "PDSCFramework.EntityLayer", "PDSCFramework.EntityLayer\PDSCFramework.EntityLayer.csproj", "{993334C0-F982-4D19-BEFC-A71A4F3DEEDC}"
EndProject
Project("{9A19103F-16F7-4668-BE54-9A1E7A4F7556}") = "PDSCFramework.ViewModelLayer", "PDSCFramework.ViewModelLayer\PDSCFramework.ViewModelLayer.csproj", "{44AC9636-3BD7-4ED0-97A4-07969E98282C}"
EndProject
Global
	GlobalSection(SolutionConfigurationPlatforms) = preSolution
		Debug|Any CPU = Debug|Any CPU
		Release|Any CPU = Release|Any CPU
	EndGlobalSection
	GlobalSection(ProjectConfigurationPlatforms) = postSolution
		{FDD4DC76-DB05-4FB2-84C9-1A0FDAEAE30A}.Debug|Any CPU.ActiveCfg = Debug|Any CPU
		{FDD4DC76-DB05-4FB2-84C9-1A0FDAEAE30A}.Debug|Any CPU.Build.0 = Debug|Any CPU
		{FDD4DC76-DB05-4FB2-84C9-1A0FDAEAE30A}.Release|Any CPU.ActiveCfg = Release|Any CPU
		{FDD4DC76-DB05-4FB2-84C9-1A0FDAEAE30A}.Release|Any CPU.Build.0 = Release|Any CPU
		{C916004D-90C9-4715-A24D-3FBF51BE871E}.Debug|Any CPU.ActiveCfg = Debug|Any CPU
		{C916004D-90C9-4715-A24D-3FBF51BE871E}.Debug|Any CPU.Build.0 = Debug|Any CPU
		{C916004D-90C9-4715-A24D-3FBF51BE871E}.Release|Any CPU.ActiveCfg = Release|Any CPU
		{C916004D-90C9-4715-A24D-3FBF51BE871E}.Release|Any CPU.Build.0 = Release|Any CPU
		{15118E9E-6233-4B8E-B82D-1C09D2C3A602}.Debug|Any CPU.ActiveCfg = Debug|Any CPU
		{15118E9E-6233-4B8E-B82D-1C09D2C3A602}.Debug|Any CPU.Build.0 = Debug|Any CPU
		{15118E9E-6233-4B8E-B82D-1C09D2C3A602}.Release|Any CPU.ActiveCfg = Release|Any CPU
		{15118E9E-6233-4B8E-B82D-1C09D2C3A602}.Release|Any CPU.Build.0 = Release|Any CPU
		{22DC452E-2AD0-49AF-A699-D6DAFCDD3878}.Debug|Any CPU.ActiveCfg = Debug|Any CPU
		{22DC452E-2AD0-49AF-A699-D6DAFCDD3878}.Debug|Any CPU.Build.0 = Debug|Any CPU
		{22DC452E-2AD0-49AF-A699-D6DAFCDD3878}.Release|Any CPU.ActiveCfg = Release|Any CPU
		{22DC452E-2AD0-49AF-A699-D6DAFCDD3878}.Release|Any CPU.Build.0 = Release|Any CPU
		{993334C0-F982-4D19-BEFC-A71A4F3DEEDC}.Debug|Any CPU.ActiveCfg = Debug|Any CPU
		{993334C0-F982-4D19-BEFC-A71A4F3DEEDC}.Debug|Any CPU.Build.0 = Debug|Any CPU
		{993334C0-F982-4D19-BEFC-A71A4F3DEEDC}.Release|Any CPU.ActiveCfg = Release|Any CPU
		{993334C0-F982-4D19-BEFC-A71A4F3DEEDC}.Release|Any CPU.Build.0 = Release|Any CPU
		{44AC9636-3BD7-4ED0-97A4-07969E98282C}.Debug|Any CPU.ActiveCfg = Debug|Any CPU
		{44AC9636-3BD7-4ED0-97A4-07969E98282C}.Debug|Any CPU.Build.0 = Debug|Any CPU
		{44AC9636-3BD7-4ED0-97A4-07969E98282C}.Release|Any CPU.ActiveCfg = Release|Any CPU
		{44AC9636-3BD7-4ED0-97A4-07969E98282C}.Release|Any CPU.Build.0 = Release|Any CPU
	EndGlobalSection
	GlobalSection(SolutionProperties) = preSolution
		HideSolutionNode = FALSE
	EndGlobalSection
	GlobalSection(ExtensibilityGlobals) = postSolution
		SolutionGuid = {B77F03D4-E166-4181-9B6C-20D05316BA26}
	EndGlobalSection
EndGlobal